// !$*UTF8*$!
{
	archiveVersion = 1;
	classes = {
	};
	objectVersion = 51;
	objects = {

/* Begin PBXBuildFile section */
		53719F8E8DAC2E7C9B3F4B32 /* Pods_NTR_Task.framework in Frameworks */ = {isa = PBXBuildFile; fileRef = 8B8DA0EFD7B42F8ED90C4BE4 /* Pods_NTR_Task.framework */; };
		930DC642265925A2006905C5 /* AppDelegate.swift in Sources */ = {isa = PBXBuildFile; fileRef = 930DC641265925A2006905C5 /* AppDelegate.swift */; };
		930DC644265925A2006905C5 /* SceneDelegate.swift in Sources */ = {isa = PBXBuildFile; fileRef = 930DC643265925A2006905C5 /* SceneDelegate.swift */; };
		930DC646265925A2006905C5 /* ViewControllerMain.swift in Sources */ = {isa = PBXBuildFile; fileRef = 930DC645265925A2006905C5 /* ViewControllerMain.swift */; };
		930DC649265925A2006905C5 /* Main.storyboard in Resources */ = {isa = PBXBuildFile; fileRef = 930DC647265925A2006905C5 /* Main.storyboard */; };
		930DC64B265925A3006905C5 /* Assets.xcassets in Resources */ = {isa = PBXBuildFile; fileRef = 930DC64A265925A3006905C5 /* Assets.xcassets */; };
		930DC64E265925A3006905C5 /* LaunchScreen.storyboard in Resources */ = {isa = PBXBuildFile; fileRef = 930DC64C265925A3006905C5 /* LaunchScreen.storyboard */; };
		930DC65B2659261C006905C5 /* ApiClient.swift in Sources */ = {isa = PBXBuildFile; fileRef = 930DC65A2659261C006905C5 /* ApiClient.swift */; };
		930DC660265929AF006905C5 /* Entity.swift in Sources */ = {isa = PBXBuildFile; fileRef = 930DC65F265929AF006905C5 /* Entity.swift */; };
		930DC664265929D9006905C5 /* Location.swift in Sources */ = {isa = PBXBuildFile; fileRef = 930DC663265929D9006905C5 /* Location.swift */; };
		930DC66726592A68006905C5 /* ObjectGuts.swift in Sources */ = {isa = PBXBuildFile; fileRef = 930DC66626592A68006905C5 /* ObjectGuts.swift */; };
		930DC66A26592B0E006905C5 /* Status.swift in Sources */ = {isa = PBXBuildFile; fileRef = 930DC66926592B0E006905C5 /* Status.swift */; };
		930DC6702659303E006905C5 /* Repository.swift in Sources */ = {isa = PBXBuildFile; fileRef = 930DC66F2659303E006905C5 /* Repository.swift */; };
		930DC675265930E5006905C5 /* ObjectCell.swift in Sources */ = {isa = PBXBuildFile; fileRef = 930DC673265930E5006905C5 /* ObjectCell.swift */; };
		930DC676265930E5006905C5 /* ObjectCell.xib in Resources */ = {isa = PBXBuildFile; fileRef = 930DC674265930E5006905C5 /* ObjectCell.xib */; };
		930DC67B26593628006905C5 /* ObjectWithStatuses.swift in Sources */ = {isa = PBXBuildFile; fileRef = 930DC67A26593628006905C5 /* ObjectWithStatuses.swift */; };
		930DC67F265940C4006905C5 /* EntityWithCustomObjects.swift in Sources */ = {isa = PBXBuildFile; fileRef = 930DC67E265940C4006905C5 /* EntityWithCustomObjects.swift */; };
		930DC687265958AE006905C5 /* ObjectAPI.swift in Sources */ = {isa = PBXBuildFile; fileRef = 930DC686265958AE006905C5 /* ObjectAPI.swift */; };
		930DC68A26597090006905C5 /* StatusGuts.swift in Sources */ = {isa = PBXBuildFile; fileRef = 930DC68926597090006905C5 /* StatusGuts.swift */; };
		934AFA6226598FDC007FD9C8 /* ViewControllerDescription.swift in Sources */ = {isa = PBXBuildFile; fileRef = 934AFA6126598FDC007FD9C8 /* ViewControllerDescription.swift */; };
		934AFA6526599766007FD9C8 /* DescriptionData.swift in Sources */ = {isa = PBXBuildFile; fileRef = 934AFA6426599766007FD9C8 /* DescriptionData.swift */; };
		934FA3C7265A461700F5317C /* Reachability.swift in Sources */ = {isa = PBXBuildFile; fileRef = 934FA3C6265A461700F5317C /* Reachability.swift */; };
		934FA3D7265A4C2600F5317C /* ObjectWithStatusesR.swift in Sources */ = {isa = PBXBuildFile; fileRef = 934FA3D6265A4C2600F5317C /* ObjectWithStatusesR.swift */; };
		934FA3E0265A4D2800F5317C /* ObjectGutsR.swift in Sources */ = {isa = PBXBuildFile; fileRef = 934FA3DF265A4D2800F5317C /* ObjectGutsR.swift */; };
		934FA3E3265A4E3B00F5317C /* LocationR.swift in Sources */ = {isa = PBXBuildFile; fileRef = 934FA3E2265A4E3B00F5317C /* LocationR.swift */; };
		934FA3E7265A4F2F00F5317C /* StatusR.swift in Sources */ = {isa = PBXBuildFile; fileRef = 934FA3E6265A4F2F00F5317C /* StatusR.swift */; };
		934FA3EC265A4F8600F5317C /* StatusGutsR.swift in Sources */ = {isa = PBXBuildFile; fileRef = 934FA3EB265A4F8600F5317C /* StatusGutsR.swift */; };
		934FA3F0265A502300F5317C /* EntityWithCustomObjectsR.swift in Sources */ = {isa = PBXBuildFile; fileRef = 934FA3EF265A502300F5317C /* EntityWithCustomObjectsR.swift */; };
		934FA3F3265A509600F5317C /* RealmHelper.swift in Sources */ = {isa = PBXBuildFile; fileRef = 934FA3F2265A509600F5317C /* RealmHelper.swift */; };
/* End PBXBuildFile section */

/* Begin PBXFileReference section */
		37AA87E33B8CBF8A84499E34 /* Pods-NTR-Task.release.xcconfig */ = {isa = PBXFileReference; includeInIndex = 1; lastKnownFileType = text.xcconfig; name = "Pods-NTR-Task.release.xcconfig"; path = "Target Support Files/Pods-NTR-Task/Pods-NTR-Task.release.xcconfig"; sourceTree = "<group>"; };
		8B8DA0EFD7B42F8ED90C4BE4 /* Pods_NTR_Task.framework */ = {isa = PBXFileReference; explicitFileType = wrapper.framework; includeInIndex = 0; path = Pods_NTR_Task.framework; sourceTree = BUILT_PRODUCTS_DIR; };
		930DC63E265925A2006905C5 /* NTR-Task.app */ = {isa = PBXFileReference; explicitFileType = wrapper.application; includeInIndex = 0; path = "NTR-Task.app"; sourceTree = BUILT_PRODUCTS_DIR; };
		930DC641265925A2006905C5 /* AppDelegate.swift */ = {isa = PBXFileReference; lastKnownFileType = sourcecode.swift; path = AppDelegate.swift; sourceTree = "<group>"; };
		930DC643265925A2006905C5 /* SceneDelegate.swift */ = {isa = PBXFileReference; lastKnownFileType = sourcecode.swift; path = SceneDelegate.swift; sourceTree = "<group>"; };
		930DC645265925A2006905C5 /* ViewControllerMain.swift */ = {isa = PBXFileReference; lastKnownFileType = sourcecode.swift; path = ViewControllerMain.swift; sourceTree = "<group>"; };
		930DC648265925A2006905C5 /* Base */ = {isa = PBXFileReference; lastKnownFileType = file.storyboard; name = Base; path = Base.lproj/Main.storyboard; sourceTree = "<group>"; };
		930DC64A265925A3006905C5 /* Assets.xcassets */ = {isa = PBXFileReference; lastKnownFileType = folder.assetcatalog; path = Assets.xcassets; sourceTree = "<group>"; };
		930DC64D265925A3006905C5 /* Base */ = {isa = PBXFileReference; lastKnownFileType = file.storyboard; name = Base; path = Base.lproj/LaunchScreen.storyboard; sourceTree = "<group>"; };
		930DC64F265925A3006905C5 /* Info.plist */ = {isa = PBXFileReference; lastKnownFileType = text.plist.xml; path = Info.plist; sourceTree = "<group>"; };
		930DC65A2659261C006905C5 /* ApiClient.swift */ = {isa = PBXFileReference; lastKnownFileType = sourcecode.swift; path = ApiClient.swift; sourceTree = "<group>"; };
		930DC65F265929AF006905C5 /* Entity.swift */ = {isa = PBXFileReference; lastKnownFileType = sourcecode.swift; path = Entity.swift; sourceTree = "<group>"; };
		930DC663265929D9006905C5 /* Location.swift */ = {isa = PBXFileReference; lastKnownFileType = sourcecode.swift; path = Location.swift; sourceTree = "<group>"; };
		930DC66626592A68006905C5 /* ObjectGuts.swift */ = {isa = PBXFileReference; lastKnownFileType = sourcecode.swift; path = ObjectGuts.swift; sourceTree = "<group>"; };
		930DC66926592B0E006905C5 /* Status.swift */ = {isa = PBXFileReference; lastKnownFileType = sourcecode.swift; path = Status.swift; sourceTree = "<group>"; };
		930DC66F2659303E006905C5 /* Repository.swift */ = {isa = PBXFileReference; lastKnownFileType = sourcecode.swift; path = Repository.swift; sourceTree = "<group>"; };
		930DC673265930E5006905C5 /* ObjectCell.swift */ = {isa = PBXFileReference; lastKnownFileType = sourcecode.swift; path = ObjectCell.swift; sourceTree = "<group>"; };
		930DC674265930E5006905C5 /* ObjectCell.xib */ = {isa = PBXFileReference; lastKnownFileType = file.xib; path = ObjectCell.xib; sourceTree = "<group>"; };
		930DC67A26593628006905C5 /* ObjectWithStatuses.swift */ = {isa = PBXFileReference; lastKnownFileType = sourcecode.swift; path = ObjectWithStatuses.swift; sourceTree = "<group>"; };
		930DC67E265940C4006905C5 /* EntityWithCustomObjects.swift */ = {isa = PBXFileReference; lastKnownFileType = sourcecode.swift; path = EntityWithCustomObjects.swift; sourceTree = "<group>"; };
		930DC686265958AE006905C5 /* ObjectAPI.swift */ = {isa = PBXFileReference; lastKnownFileType = sourcecode.swift; path = ObjectAPI.swift; sourceTree = "<group>"; };
		930DC68926597090006905C5 /* StatusGuts.swift */ = {isa = PBXFileReference; lastKnownFileType = sourcecode.swift; path = StatusGuts.swift; sourceTree = "<group>"; };
		934AFA6126598FDC007FD9C8 /* ViewControllerDescription.swift */ = {isa = PBXFileReference; lastKnownFileType = sourcecode.swift; path = ViewControllerDescription.swift; sourceTree = "<group>"; };
		934AFA6426599766007FD9C8 /* DescriptionData.swift */ = {isa = PBXFileReference; lastKnownFileType = sourcecode.swift; path = DescriptionData.swift; sourceTree = "<group>"; };
		934FA3C6265A461700F5317C /* Reachability.swift */ = {isa = PBXFileReference; lastKnownFileType = sourcecode.swift; path = Reachability.swift; sourceTree = "<group>"; };
		934FA3D6265A4C2600F5317C /* ObjectWithStatusesR.swift */ = {isa = PBXFileReference; lastKnownFileType = sourcecode.swift; path = ObjectWithStatusesR.swift; sourceTree = "<group>"; };
		934FA3DF265A4D2800F5317C /* ObjectGutsR.swift */ = {isa = PBXFileReference; lastKnownFileType = sourcecode.swift; path = ObjectGutsR.swift; sourceTree = "<group>"; };
		934FA3E2265A4E3B00F5317C /* LocationR.swift */ = {isa = PBXFileReference; lastKnownFileType = sourcecode.swift; path = LocationR.swift; sourceTree = "<group>"; };
		934FA3E6265A4F2F00F5317C /* StatusR.swift */ = {isa = PBXFileReference; lastKnownFileType = sourcecode.swift; path = StatusR.swift; sourceTree = "<group>"; };
		934FA3EB265A4F8600F5317C /* StatusGutsR.swift */ = {isa = PBXFileReference; lastKnownFileType = sourcecode.swift; path = StatusGutsR.swift; sourceTree = "<group>"; };
		934FA3EF265A502300F5317C /* EntityWithCustomObjectsR.swift */ = {isa = PBXFileReference; lastKnownFileType = sourcecode.swift; path = EntityWithCustomObjectsR.swift; sourceTree = "<group>"; };
		934FA3F2265A509600F5317C /* RealmHelper.swift */ = {isa = PBXFileReference; lastKnownFileType = sourcecode.swift; path = RealmHelper.swift; sourceTree = "<group>"; };
		B2D1692D3F8762677401FC42 /* Pods-NTR-Task.debug.xcconfig */ = {isa = PBXFileReference; includeInIndex = 1; lastKnownFileType = text.xcconfig; name = "Pods-NTR-Task.debug.xcconfig"; path = "Target Support Files/Pods-NTR-Task/Pods-NTR-Task.debug.xcconfig"; sourceTree = "<group>"; };
/* End PBXFileReference section */

/* Begin PBXFrameworksBuildPhase section */
		930DC63B265925A2006905C5 /* Frameworks */ = {
			isa = PBXFrameworksBuildPhase;
			buildActionMask = 2147483647;
			files = (
				53719F8E8DAC2E7C9B3F4B32 /* Pods_NTR_Task.framework in Frameworks */,
			);
			runOnlyForDeploymentPostprocessing = 0;
		};
/* End PBXFrameworksBuildPhase section */

/* Begin PBXGroup section */
		8EF88A17584104EB909BD3FA /* Pods */ = {
			isa = PBXGroup;
			children = (
				B2D1692D3F8762677401FC42 /* Pods-NTR-Task.debug.xcconfig */,
				37AA87E33B8CBF8A84499E34 /* Pods-NTR-Task.release.xcconfig */,
			);
			path = Pods;
			sourceTree = "<group>";
		};
		930DC635265925A2006905C5 = {
			isa = PBXGroup;
			children = (
				930DC640265925A2006905C5 /* NTR-Task */,
				930DC63F265925A2006905C5 /* Products */,
				8EF88A17584104EB909BD3FA /* Pods */,
				E8BC35DDB729C8750EB8ED9C /* Frameworks */,
			);
			sourceTree = "<group>";
		};
		930DC63F265925A2006905C5 /* Products */ = {
			isa = PBXGroup;
			children = (
				930DC63E265925A2006905C5 /* NTR-Task.app */,
			);
			name = Products;
			sourceTree = "<group>";
		};
		930DC640265925A2006905C5 /* NTR-Task */ = {
			isa = PBXGroup;
			children = (
				930DC67226593054006905C5 /* Support */,
				930DC66D26592D7B006905C5 /* Views */,
				930DC66C26592D6B006905C5 /* Controllers */,
				930DC65D2659299C006905C5 /* Models */,
				930DC641265925A2006905C5 /* AppDelegate.swift */,
				930DC643265925A2006905C5 /* SceneDelegate.swift */,
				930DC64A265925A3006905C5 /* Assets.xcassets */,
				930DC64C265925A3006905C5 /* LaunchScreen.storyboard */,
				930DC64F265925A3006905C5 /* Info.plist */,
			);
			path = "NTR-Task";
			sourceTree = "<group>";
		};
		930DC65D2659299C006905C5 /* Models */ = {
			isa = PBXGroup;
			children = (
				934FA3D5265A4C0B00F5317C /* Realm */,
				930DC67926593601006905C5 /* App */,
				930DC65E265929A2006905C5 /* API */,
				930DC66F2659303E006905C5 /* Repository.swift */,
				934AFA6426599766007FD9C8 /* DescriptionData.swift */,
			);
			path = Models;
			sourceTree = "<group>";
		};
		930DC65E265929A2006905C5 /* API */ = {
			isa = PBXGroup;
			children = (
				930DC65F265929AF006905C5 /* Entity.swift */,
				930DC663265929D9006905C5 /* Location.swift */,
				930DC66626592A68006905C5 /* ObjectGuts.swift */,
				930DC686265958AE006905C5 /* ObjectAPI.swift */,
				930DC66926592B0E006905C5 /* Status.swift */,
				930DC68926597090006905C5 /* StatusGuts.swift */,
			);
			path = API;
			sourceTree = "<group>";
		};
		930DC66C26592D6B006905C5 /* Controllers */ = {
			isa = PBXGroup;
			children = (
				930DC673265930E5006905C5 /* ObjectCell.swift */,
				930DC645265925A2006905C5 /* ViewControllerMain.swift */,
				934AFA6126598FDC007FD9C8 /* ViewControllerDescription.swift */,
			);
			path = Controllers;
			sourceTree = "<group>";
		};
		930DC66D26592D7B006905C5 /* Views */ = {
			isa = PBXGroup;
			children = (
				930DC647265925A2006905C5 /* Main.storyboard */,
				930DC674265930E5006905C5 /* ObjectCell.xib */,
			);
			path = Views;
			sourceTree = "<group>";
		};
		930DC67226593054006905C5 /* Support */ = {
			isa = PBXGroup;
			children = (
				934FA3F2265A509600F5317C /* RealmHelper.swift */,
				934FA3C6265A461700F5317C /* Reachability.swift */,
				930DC65A2659261C006905C5 /* ApiClient.swift */,
			);
			path = Support;
			sourceTree = "<group>";
		};
		930DC67926593601006905C5 /* App */ = {
			isa = PBXGroup;
			children = (
				930DC67A26593628006905C5 /* ObjectWithStatuses.swift */,
				930DC67E265940C4006905C5 /* EntityWithCustomObjects.swift */,
			);
			path = App;
			sourceTree = "<group>";
		};
		934FA3D5265A4C0B00F5317C /* Realm */ = {
			isa = PBXGroup;
			children = (
				934FA3D6265A4C2600F5317C /* ObjectWithStatusesR.swift */,
				934FA3DF265A4D2800F5317C /* ObjectGutsR.swift */,
				934FA3E2265A4E3B00F5317C /* LocationR.swift */,
				934FA3E6265A4F2F00F5317C /* StatusR.swift */,
				934FA3EB265A4F8600F5317C /* StatusGutsR.swift */,
				934FA3EF265A502300F5317C /* EntityWithCustomObjectsR.swift */,
			);
			path = Realm;
			sourceTree = "<group>";
		};
		E8BC35DDB729C8750EB8ED9C /* Frameworks */ = {
			isa = PBXGroup;
			children = (
				8B8DA0EFD7B42F8ED90C4BE4 /* Pods_NTR_Task.framework */,
			);
			name = Frameworks;
			sourceTree = "<group>";
		};
/* End PBXGroup section */

/* Begin PBXNativeTarget section */
		930DC63D265925A2006905C5 /* NTR-Task */ = {
			isa = PBXNativeTarget;
			buildConfigurationList = 930DC652265925A3006905C5 /* Build configuration list for PBXNativeTarget "NTR-Task" */;
			buildPhases = (
				73DDF1BB99E51FE7EB4BDBDE /* [CP] Check Pods Manifest.lock */,
				930DC63A265925A2006905C5 /* Sources */,
				930DC63B265925A2006905C5 /* Frameworks */,
				930DC63C265925A2006905C5 /* Resources */,
				98F50C80928034D31A42A408 /* [CP] Embed Pods Frameworks */,
			);
			buildRules = (
			);
			dependencies = (
			);
			name = "NTR-Task";
			productName = "NTR-Task";
			productReference = 930DC63E265925A2006905C5 /* NTR-Task.app */;
			productType = "com.apple.product-type.application";
		};
/* End PBXNativeTarget section */

/* Begin PBXProject section */
		930DC636265925A2006905C5 /* Project object */ = {
			isa = PBXProject;
			attributes = {
				LastSwiftUpdateCheck = 1240;
				LastUpgradeCheck = 1240;
				TargetAttributes = {
					930DC63D265925A2006905C5 = {
						CreatedOnToolsVersion = 12.4;
					};
				};
			};
			buildConfigurationList = 930DC639265925A2006905C5 /* Build configuration list for PBXProject "NTR-Task" */;
			compatibilityVersion = "Xcode 9.3";
			developmentRegion = en;
			hasScannedForEncodings = 0;
			knownRegions = (
				en,
				Base,
			);
			mainGroup = 930DC635265925A2006905C5;
			productRefGroup = 930DC63F265925A2006905C5 /* Products */;
			projectDirPath = "";
			projectRoot = "";
			targets = (
				930DC63D265925A2006905C5 /* NTR-Task */,
			);
		};
/* End PBXProject section */

/* Begin PBXResourcesBuildPhase section */
		930DC63C265925A2006905C5 /* Resources */ = {
			isa = PBXResourcesBuildPhase;
			buildActionMask = 2147483647;
			files = (
				930DC64E265925A3006905C5 /* LaunchScreen.storyboard in Resources */,
				930DC64B265925A3006905C5 /* Assets.xcassets in Resources */,
				930DC676265930E5006905C5 /* ObjectCell.xib in Resources */,
				930DC649265925A2006905C5 /* Main.storyboard in Resources */,
			);
			runOnlyForDeploymentPostprocessing = 0;
		};
/* End PBXResourcesBuildPhase section */

/* Begin PBXShellScriptBuildPhase section */
		73DDF1BB99E51FE7EB4BDBDE /* [CP] Check Pods Manifest.lock */ = {
			isa = PBXShellScriptBuildPhase;
			buildActionMask = 2147483647;
			files = (
			);
			inputFileListPaths = (
			);
			inputPaths = (
				"${PODS_PODFILE_DIR_PATH}/Podfile.lock",
				"${PODS_ROOT}/Manifest.lock",
			);
			name = "[CP] Check Pods Manifest.lock";
			outputFileListPaths = (
			);
			outputPaths = (
				"$(DERIVED_FILE_DIR)/Pods-NTR-Task-checkManifestLockResult.txt",
			);
			runOnlyForDeploymentPostprocessing = 0;
			shellPath = /bin/sh;
			shellScript = "diff \"${PODS_PODFILE_DIR_PATH}/Podfile.lock\" \"${PODS_ROOT}/Manifest.lock\" > /dev/null\nif [ $? != 0 ] ; then\n    # print error to STDERR\n    echo \"error: The sandbox is not in sync with the Podfile.lock. Run 'pod install' or update your CocoaPods installation.\" >&2\n    exit 1\nfi\n# This output is used by Xcode 'outputs' to avoid re-running this script phase.\necho \"SUCCESS\" > \"${SCRIPT_OUTPUT_FILE_0}\"\n";
			showEnvVarsInLog = 0;
		};
		98F50C80928034D31A42A408 /* [CP] Embed Pods Frameworks */ = {
			isa = PBXShellScriptBuildPhase;
			buildActionMask = 2147483647;
			files = (
			);
			inputFileListPaths = (
				"${PODS_ROOT}/Target Support Files/Pods-NTR-Task/Pods-NTR-Task-frameworks-${CONFIGURATION}-input-files.xcfilelist",
			);
			name = "[CP] Embed Pods Frameworks";
			outputFileListPaths = (
				"${PODS_ROOT}/Target Support Files/Pods-NTR-Task/Pods-NTR-Task-frameworks-${CONFIGURATION}-output-files.xcfilelist",
			);
			runOnlyForDeploymentPostprocessing = 0;
			shellPath = /bin/sh;
			shellScript = "\"${PODS_ROOT}/Target Support Files/Pods-NTR-Task/Pods-NTR-Task-frameworks.sh\"\n";
			showEnvVarsInLog = 0;
		};
/* End PBXShellScriptBuildPhase section */

/* Begin PBXSourcesBuildPhase section */
		930DC63A265925A2006905C5 /* Sources */ = {
			isa = PBXSourcesBuildPhase;
			buildActionMask = 2147483647;
			files = (
				930DC646265925A2006905C5 /* ViewControllerMain.swift in Sources */,
				930DC660265929AF006905C5 /* Entity.swift in Sources */,
				930DC642265925A2006905C5 /* AppDelegate.swift in Sources */,
				930DC66A26592B0E006905C5 /* Status.swift in Sources */,
				934FA3E7265A4F2F00F5317C /* StatusR.swift in Sources */,
				934FA3F3265A509600F5317C /* RealmHelper.swift in Sources */,
				934FA3E0265A4D2800F5317C /* ObjectGutsR.swift in Sources */,
				930DC67B26593628006905C5 /* ObjectWithStatuses.swift in Sources */,
				934FA3D7265A4C2600F5317C /* ObjectWithStatusesR.swift in Sources */,
				930DC675265930E5006905C5 /* ObjectCell.swift in Sources */,
				930DC68A26597090006905C5 /* StatusGuts.swift in Sources */,
				934FA3EC265A4F8600F5317C /* StatusGutsR.swift in Sources */,
				930DC66726592A68006905C5 /* ObjectGuts.swift in Sources */,
				934AFA6226598FDC007FD9C8 /* ViewControllerDescription.swift in Sources */,
				930DC644265925A2006905C5 /* SceneDelegate.swift in Sources */,
				930DC664265929D9006905C5 /* Location.swift in Sources */,
				930DC65B2659261C006905C5 /* ApiClient.swift in Sources */,
				930DC687265958AE006905C5 /* ObjectAPI.swift in Sources */,
				934FA3C7265A461700F5317C /* Reachability.swift in Sources */,
				930DC67F265940C4006905C5 /* EntityWithCustomObjects.swift in Sources */,
				934AFA6526599766007FD9C8 /* DescriptionData.swift in Sources */,
				930DC6702659303E006905C5 /* Repository.swift in Sources */,
				934FA3F0265A502300F5317C /* EntityWithCustomObjectsR.swift in Sources */,
				934FA3E3265A4E3B00F5317C /* LocationR.swift in Sources */,
			);
			runOnlyForDeploymentPostprocessing = 0;
		};
/* End PBXSourcesBuildPhase section */

/* Begin PBXVariantGroup section */
		930DC647265925A2006905C5 /* Main.storyboard */ = {
			isa = PBXVariantGroup;
			children = (
				930DC648265925A2006905C5 /* Base */,
			);
			name = Main.storyboard;
			sourceTree = "<group>";
		};
		930DC64C265925A3006905C5 /* LaunchScreen.storyboard */ = {
			isa = PBXVariantGroup;
			children = (
				930DC64D265925A3006905C5 /* Base */,
			);
			name = LaunchScreen.storyboard;
			sourceTree = "<group>";
		};
/* End PBXVariantGroup section */

/* Begin XCBuildConfiguration section */
		930DC650265925A3006905C5 /* Debug */ = {
			isa = XCBuildConfiguration;
			buildSettings = {
				ALWAYS_SEARCH_USER_PATHS = NO;
				CLANG_ANALYZER_NONNULL = YES;
				CLANG_ANALYZER_NUMBER_OBJECT_CONVERSION = YES_AGGRESSIVE;
				CLANG_CXX_LANGUAGE_STANDARD = "gnu++14";
				CLANG_CXX_LIBRARY = "libc++";
				CLANG_ENABLE_MODULES = YES;
				CLANG_ENABLE_OBJC_ARC = YES;
				CLANG_ENABLE_OBJC_WEAK = YES;
				CLANG_WARN_BLOCK_CAPTURE_AUTORELEASING = YES;
				CLANG_WARN_BOOL_CONVERSION = YES;
				CLANG_WARN_COMMA = YES;
				CLANG_WARN_CONSTANT_CONVERSION = YES;
				CLANG_WARN_DEPRECATED_OBJC_IMPLEMENTATIONS = YES;
				CLANG_WARN_DIRECT_OBJC_ISA_USAGE = YES_ERROR;
				CLANG_WARN_DOCUMENTATION_COMMENTS = YES;
				CLANG_WARN_EMPTY_BODY = YES;
				CLANG_WARN_ENUM_CONVERSION = YES;
				CLANG_WARN_INFINITE_RECURSION = YES;
				CLANG_WARN_INT_CONVERSION = YES;
				CLANG_WARN_NON_LITERAL_NULL_CONVERSION = YES;
				CLANG_WARN_OBJC_IMPLICIT_RETAIN_SELF = YES;
				CLANG_WARN_OBJC_LITERAL_CONVERSION = YES;
				CLANG_WARN_OBJC_ROOT_CLASS = YES_ERROR;
				CLANG_WARN_QUOTED_INCLUDE_IN_FRAMEWORK_HEADER = YES;
				CLANG_WARN_RANGE_LOOP_ANALYSIS = YES;
				CLANG_WARN_STRICT_PROTOTYPES = YES;
				CLANG_WARN_SUSPICIOUS_MOVE = YES;
				CLANG_WARN_UNGUARDED_AVAILABILITY = YES_AGGRESSIVE;
				CLANG_WARN_UNREACHABLE_CODE = YES;
				CLANG_WARN__DUPLICATE_METHOD_MATCH = YES;
				COPY_PHASE_STRIP = NO;
				DEBUG_INFORMATION_FORMAT = dwarf;
				ENABLE_STRICT_OBJC_MSGSEND = YES;
				ENABLE_TESTABILITY = YES;
				GCC_C_LANGUAGE_STANDARD = gnu11;
				GCC_DYNAMIC_NO_PIC = NO;
				GCC_NO_COMMON_BLOCKS = YES;
				GCC_OPTIMIZATION_LEVEL = 0;
				GCC_PREPROCESSOR_DEFINITIONS = (
					"DEBUG=1",
					"$(inherited)",
				);
				GCC_WARN_64_TO_32_BIT_CONVERSION = YES;
				GCC_WARN_ABOUT_RETURN_TYPE = YES_ERROR;
				GCC_WARN_UNDECLARED_SELECTOR = YES;
				GCC_WARN_UNINITIALIZED_AUTOS = YES_AGGRESSIVE;
				GCC_WARN_UNUSED_FUNCTION = YES;
				GCC_WARN_UNUSED_VARIABLE = YES;
				IPHONEOS_DEPLOYMENT_TARGET = 14.4;
				MTL_ENABLE_DEBUG_INFO = INCLUDE_SOURCE;
				MTL_FAST_MATH = YES;
				ONLY_ACTIVE_ARCH = YES;
				SDKROOT = iphoneos;
				SWIFT_ACTIVE_COMPILATION_CONDITIONS = DEBUG;
				SWIFT_OPTIMIZATION_LEVEL = "-Onone";
			};
			name = Debug;
		};
		930DC651265925A3006905C5 /* Release */ = {
			isa = XCBuildConfiguration;
			buildSettings = {
				ALWAYS_SEARCH_USER_PATHS = NO;
				CLANG_ANALYZER_NONNULL = YES;
				CLANG_ANALYZER_NUMBER_OBJECT_CONVERSION = YES_AGGRESSIVE;
				CLANG_CXX_LANGUAGE_STANDARD = "gnu++14";
				CLANG_CXX_LIBRARY = "libc++";
				CLANG_ENABLE_MODULES = YES;
				CLANG_ENABLE_OBJC_ARC = YES;
				CLANG_ENABLE_OBJC_WEAK = YES;
				CLANG_WARN_BLOCK_CAPTURE_AUTORELEASING = YES;
				CLANG_WARN_BOOL_CONVERSION = YES;
				CLANG_WARN_COMMA = YES;
				CLANG_WARN_CONSTANT_CONVERSION = YES;
				CLANG_WARN_DEPRECATED_OBJC_IMPLEMENTATIONS = YES;
				CLANG_WARN_DIRECT_OBJC_ISA_USAGE = YES_ERROR;
				CLANG_WARN_DOCUMENTATION_COMMENTS = YES;
				CLANG_WARN_EMPTY_BODY = YES;
				CLANG_WARN_ENUM_CONVERSION = YES;
				CLANG_WARN_INFINITE_RECURSION = YES;
				CLANG_WARN_INT_CONVERSION = YES;
				CLANG_WARN_NON_LITERAL_NULL_CONVERSION = YES;
				CLANG_WARN_OBJC_IMPLICIT_RETAIN_SELF = YES;
				CLANG_WARN_OBJC_LITERAL_CONVERSION = YES;
				CLANG_WARN_OBJC_ROOT_CLASS = YES_ERROR;
				CLANG_WARN_QUOTED_INCLUDE_IN_FRAMEWORK_HEADER = YES;
				CLANG_WARN_RANGE_LOOP_ANALYSIS = YES;
				CLANG_WARN_STRICT_PROTOTYPES = YES;
				CLANG_WARN_SUSPICIOUS_MOVE = YES;
				CLANG_WARN_UNGUARDED_AVAILABILITY = YES_AGGRESSIVE;
				CLANG_WARN_UNREACHABLE_CODE = YES;
				CLANG_WARN__DUPLICATE_METHOD_MATCH = YES;
				COPY_PHASE_STRIP = NO;
				DEBUG_INFORMATION_FORMAT = "dwarf-with-dsym";
				ENABLE_NS_ASSERTIONS = NO;
				ENABLE_STRICT_OBJC_MSGSEND = YES;
				GCC_C_LANGUAGE_STANDARD = gnu11;
				GCC_NO_COMMON_BLOCKS = YES;
				GCC_WARN_64_TO_32_BIT_CONVERSION = YES;
				GCC_WARN_ABOUT_RETURN_TYPE = YES_ERROR;
				GCC_WARN_UNDECLARED_SELECTOR = YES;
				GCC_WARN_UNINITIALIZED_AUTOS = YES_AGGRESSIVE;
				GCC_WARN_UNUSED_FUNCTION = YES;
				GCC_WARN_UNUSED_VARIABLE = YES;
				IPHONEOS_DEPLOYMENT_TARGET = 14.4;
				MTL_ENABLE_DEBUG_INFO = NO;
				MTL_FAST_MATH = YES;
				SDKROOT = iphoneos;
				SWIFT_COMPILATION_MODE = wholemodule;
				SWIFT_OPTIMIZATION_LEVEL = "-O";
				VALIDATE_PRODUCT = YES;
			};
			name = Release;
		};
		930DC653265925A3006905C5 /* Debug */ = {
			isa = XCBuildConfiguration;
			baseConfigurationReference = B2D1692D3F8762677401FC42 /* Pods-NTR-Task.debug.xcconfig */;
			buildSettings = {
				ASSETCATALOG_COMPILER_APPICON_NAME = AppIcon;
				ASSETCATALOG_COMPILER_GLOBAL_ACCENT_COLOR_NAME = AccentColor;
				CODE_SIGN_STYLE = Automatic;
				DEVELOPMENT_TEAM = 73S8J9N7ZU;
				INFOPLIST_FILE = "NTR-Task/Info.plist";
				LD_RUNPATH_SEARCH_PATHS = (
					"$(inherited)",
					"@executable_path/Frameworks",
				);
				PRODUCT_BUNDLE_IDENTIFIER = "Daniil.NTR-Task";
				PRODUCT_NAME = "$(TARGET_NAME)";
				SWIFT_VERSION = 5.0;
				TARGETED_DEVICE_FAMILY = "1,2";
			};
			name = Debug;
		};
		930DC654265925A3006905C5 /* Release */ = {
			isa = XCBuildConfiguration;
			baseConfigurationReference = 37AA87E33B8CBF8A84499E34 /* Pods-NTR-Task.release.xcconfig */;
			buildSettings = {
				ASSETCATALOG_COMPILER_APPICON_NAME = AppIcon;
				ASSETCATALOG_COMPILER_GLOBAL_ACCENT_COLOR_NAME = AccentColor;
				CODE_SIGN_STYLE = Automatic;
				DEVELOPMENT_TEAM = 73S8J9N7ZU;
				INFOPLIST_FILE = "NTR-Task/Info.plist";
				LD_RUNPATH_SEARCH_PATHS = (
					"$(inherited)",
					"@executable_path/Frameworks",
				);
				PRODUCT_BUNDLE_IDENTIFIER = "Daniil.NTR-Task";
				PRODUCT_NAME = "$(TARGET_NAME)";
				SWIFT_VERSION = 5.0;
				TARGETED_DEVICE_FAMILY = "1,2";
			};
			name = Release;
		};
/* End XCBuildConfiguration section */

/* Begin XCConfigurationList section */
		930DC639265925A2006905C5 /* Build configuration list for PBXProject "NTR-Task" */ = {
			isa = XCConfigurationList;
			buildConfigurations = (
				930DC650265925A3006905C5 /* Debug */,
				930DC651265925A3006905C5 /* Release */,
			);
			defaultConfigurationIsVisible = 0;
			defaultConfigurationName = Release;
		};
		930DC652265925A3006905C5 /* Build configuration list for PBXNativeTarget "NTR-Task" */ = {
			isa = XCConfigurationList;
			buildConfigurations = (
				930DC653265925A3006905C5 /* Debug */,
				930DC654265925A3006905C5 /* Release */,
			);
			defaultConfigurationIsVisible = 0;
			defaultConfigurationName = Release;
		};
/* End XCConfigurationList section */
	};
	rootObject = 930DC636265925A2006905C5 /* Project object */;
}
